boto3==1.43.63 \
    --hash=sha256:647c0f0b59710ce12a49323382bb5ece1b4e02199c736d19d555330dca7e947f \
    --hash=sha256:859a8d1c50505a5cefb8629790dd34602ddb85bfd7ea5d34a362ab1793513636
awscrt==0.36.0 \
    --hash=sha256:3260901e3bc30b027837c143d50c2b617b6d007b7cbedd909f8fc6c03fbed83c \
    --hash=sha256:bf326cf5248835df4828ddd2ee74ad9e7fa2a294de0d8301e04af2bcd7af3e2a \
    --hash=sha256:bf8bafef584f9d5fead3a88f3b86e0aea957c85ecab5243d0c47858ea3d9b39a \
    --hash=sha256:6dba4e0ec0aeec18ecf534081c02357794b89d8a7e12d83f6c970f9d90b1ff0a
botocore==1.43.63 \
    --hash=sha256:854e45247f00b0732496ea1f0c5d0cf3c31d58b48eb052c31c27ab1087dfddf1 \
    --hash=sha256:8deed86feacc8f8d2491f1d170562af191f8b33924052d834f4217d5d797e5a9
jmespath==1.1.0 \
    --hash=sha256:472c87d80f36026ae83c6ddd0f1d05d4e510134ed462851fd5f754c8c3cbb88d \
    --hash=sha256:a5663118de4908c91729bea0acadca56526eb2698e83de10cd116ae0f4e97c64
s3transfer==0.19.2 \
    --hash=sha256:ba0309fd86be3c27dbf78cdd813c13c5e1df16e5874b99d2535ebbdfb9892993 \
    --hash=sha256:d8168eccca828cbb2cd573675333f3bddd254313a9c42494b84c76b539e8ba25
